// !$*UTF8*$!
{
	archiveVersion = 1;
	classes = {
	};
	objectVersion = 46;
	objects = {

/* Begin PBXBuildFile section */
		209F1D801E80B85800FA2CFE /* main.c in Sources */ = {isa = PBXBuildFile; fileRef = 209F1D7F1E80B85800FA2CFE /* main.c */; };
		209F1D881E810F2400FA2CFE /* H264Parser.c in Sources */ = {isa = PBXBuildFile; fileRef = 209F1D861E810F2400FA2CFE /* H264Parser.c */; };
/* End PBXBuildFile section */

/* Begin PBXCopyFilesBuildPhase section */
		209F1D7A1E80B85400FA2CFE /* CopyFiles */ = {
			isa = PBXCopyFilesBuildPhase;
			buildActionMask = 2147483647;
			dstPath = /usr/share/man/man1/;
			dstSubfolderSpec = 0;
			files = (
			);
			runOnlyForDeploymentPostprocessing = 1;
		};
/* End PBXCopyFilesBuildPhase section */

/* Begin PBXFileReference section */
		209F1D7C1E80B85800FA2CFE /* H264Project */ = {isa = PBXFileReference; explicitFileType = "compiled.mach-o.executable"; includeInIndex = 0; path = H264Project; sourceTree = BUILT_PRODUCTS_DIR; };
		209F1D7F1E80B85800FA2CFE /* main.c */ = {isa = PBXFileReference; lastKnownFileType = sourcecode.c.c; path = main.c; sourceTree = "<group>"; };
		209F1D861E810F2400FA2CFE /* H264Parser.c */ = {isa = PBXFileReference; fileEncoding = 4; lastKnownFileType = sourcecode.c.c; path = H264Parser.c; sourceTree = "<group>"; };
		209F1D871E810F2400FA2CFE /* H264Parser.h */ = {isa = PBXFileReference; fileEncoding = 4; lastKnownFileType = sourcecode.c.h; path = H264Parser.h; sourceTree = "<group>"; };
		209F1D891E81107D00FA2CFE /* .ignore */ = {isa = PBXFileReference; fileEncoding = 4; lastKnownFileType = text; path = .ignore; sourceTree = "<group>"; };
		209F1D8A1E81137E00FA2CFE /* sintel.h264 */ = {isa = PBXFileReference; lastKnownFileType = file; path = sintel.h264; sourceTree = "<group>"; };
/* End PBXFileReference section */

/* Begin PBXFrameworksBuildPhase section */
		209F1D791E80B85400FA2CFE /* Frameworks */ = {
			isa = PBXFrameworksBuildPhase;
			buildActionMask = 2147483647;
			files = (
			);
			runOnlyForDeploymentPostprocessing = 0;
		};
/* End PBXFrameworksBuildPhase section */

/* Begin PBXGroup section */
		209F1D731E80B85300FA2CFE = {
			isa = PBXGroup;
			children = (
				209F1D891E81107D00FA2CFE /* .ignore */,
				209F1D7E1E80B85800FA2CFE /* H264Project */,
				209F1D7D1E80B85800FA2CFE /* Products */,
			);
			sourceTree = "<group>";
		};
		209F1D7D1E80B85800FA2CFE /* Products */ = {
			isa = PBXGroup;
			children = (
				209F1D7C1E80B85800FA2CFE /* H264Project */,
			);
			name = Products;
			sourceTree = "<group>";
		};
		209F1D7E1E80B85800FA2CFE /* H264Project */ = {
			isa = PBXGroup;
			children = (
				209F1D8A1E81137E00FA2CFE /* sintel.h264 */,
				209F1D7F1E80B85800FA2CFE /* main.c */,
				209F1D861E810F2400FA2CFE /* H264Parser.c */,
				209F1D871E810F2400FA2CFE /* H264Parser.h */,
			);
			path = H264Project;
			sourceTree = "<group>";
		};
/* End PBXGroup section */

/* Begin PBXNativeTarget section */
		209F1D7B1E80B85400FA2CFE /* H264Project */ = {
			isa = PBXNativeTarget;
			buildConfigurationList = 209F1D831E80B85800FA2CFE /* Build configuration list for PBXNativeTarget "H264Project" */;
			buildPhases = (
				209F1D781E80B85400FA2CFE /* Sources */,
				209F1D791E80B85400FA2CFE /* Frameworks */,
				209F1D7A1E80B85400FA2CFE /* CopyFiles */,
			);
			buildRules = (
			);
			dependencies = (
			);
			name = H264Project;
			productName = H264Project;
			productReference = 209F1D7C1E80B85800FA2CFE /* H264Project */;
			productType = "com.apple.product-type.tool";
		};
/* End PBXNativeTarget section */

/* Begin PBXProject section */
		209F1D741E80B85300FA2CFE /* Project object */ = {
			isa = PBXProject;
			attributes = {
				LastUpgradeCheck = 0820;
				ORGANIZATIONNAME = soufunnet;
				TargetAttributes = {
					209F1D7B1E80B85400FA2CFE = {
						CreatedOnToolsVersion = 8.2.1;
						DevelopmentTeam = N5GUYQLDBX;
						ProvisioningStyle = Automatic;
					};
				};
			};
			buildConfigurationList = 209F1D771E80B85300FA2CFE /* Build configuration list for PBXProject "H264Project" */;
			compatibilityVersion = "Xcode 3.2";
			developmentRegion = English;
			hasScannedForEncodings = 0;
			knownRegions = (
				en,
			);
			mainGroup = 209F1D731E80B85300FA2CFE;
			productRefGroup = 209F1D7D1E80B85800FA2CFE /* Products */;
			projectDirPath = "";
			projectRoot = "";
			targets = (
				209F1D7B1E80B85400FA2CFE /* H264Project */,
			);
		};
/* End PBXProject section */

/* Begin PBXSourcesBuildPhase section */
		209F1D781E80B85400FA2CFE /* Sources */ = {
			isa = PBXSourcesBuildPhase;
			buildActionMask = 2147483647;
			files = (
				209F1D881E810F2400FA2CFE /* H264Parser.c in Sources */,
				209F1D801E80B85800FA2CFE /* main.c in Sources */,
			);
			runOnlyForDeploymentPostprocessing = 0;
		};
/* End PBXSourcesBuildPhase section */

/* Begin XCBuildConfiguration section */
		209F1D811E80B85800FA2CFE /* Debug */ = {
			isa = XCBuildConfiguration;
			buildSettings = {
				ALWAYS_SEARCH_USER_PATHS = NO;
				CLANG_ANALYZER_NONNULL = YES;
				CLANG_CXX_LANGUAGE_STANDARD = "gnu++0x";
				CLANG_CXX_LIBRARY = "libc++";
				CLANG_ENABLE_MODULES = YES;
				CLANG_ENABLE_OBJC_ARC = YES;
				CLANG_WARN_BOOL_CONVERSION = YES;
				CLANG_WARN_CONSTANT_CONVERSION = YES;
				CLANG_WARN_DIRECT_OBJC_ISA_USAGE = YES_ERROR;
				CLANG_WARN_DOCUMENTATION_COMMENTS = YES;
				CLANG_WARN_EMPTY_BODY = YES;
				CLANG_WARN_ENUM_CONVERSION = YES;
				CLANG_WARN_INFINITE_RECURSION = YES;
				CLANG_WARN_INT_CONVERSION = YES;
				CLANG_WARN_OBJC_ROOT_CLASS = YES_ERROR;
				CLANG_WARN_SUSPICIOUS_MOVE = YES;
				CLANG_WARN_UNREACHABLE_CODE = YES;
				CLANG_WARN__DUPLICATE_METHOD_MATCH = YES;
				CODE_SIGN_IDENTITY = "-";
				COPY_PHASE_STRIP = NO;
				DEBUG_INFORMATION_FORMAT = dwarf;
				ENABLE_STRICT_OBJC_MSGSEND = YES;
				ENABLE_TESTABILITY = YES;
				GCC_C_LANGUAGE_STANDARD = gnu99;
				GCC_DYNAMIC_NO_PIC = NO;
				GCC_NO_COMMON_BLOCKS = YES;
				GCC_OPTIMIZATION_LEVEL = 0;
				GCC_PREPROCESSOR_DEFINITIONS = (
					"DEBUG=1",
					"$(inherited)",
				);
				GCC_WARN_64_TO_32_BIT_CONVERSION = YES;
				GCC_WARN_ABOUT_RETURN_TYPE = YES_ERROR;
				GCC_WARN_UNDECLARED_SELECTOR = YES;
				GCC_WARN_UNINITIALIZED_AUTOS = YES_AGGRESSIVE;
				GCC_WARN_UNUSED_FUNCTION = YES;
				GCC_WARN_UNUSED_VARIABLE = YES;
				MACOSX_DEPLOYMENT_TARGET = 10.12;
				MTL_ENABLE_DEBUG_INFO = YES;
				ONLY_ACTIVE_ARCH = YES;
				SDKROOT = macosx;
			};
			name = Debug;
		};
		209F1D821E80B85800FA2CFE /* Release */ = {
			isa = XCBuildConfiguration;
			buildSettings = {
				ALWAYS_SEARCH_USER_PATHS = NO;
				CLANG_ANALYZER_NONNULL = YES;
				CLANG_CXX_LANGUAGE_STANDARD = "gnu++0x";
				CLANG_CXX_LIBRARY = "libc++";
				CLANG_ENABLE_MODULES = YES;
				CLANG_ENABLE_OBJC_ARC = YES;
				CLANG_WARN_BOOL_CONVERSION = YES;
				CLANG_WARN_CONSTANT_CONVERSION = YES;
				CLANG_WARN_DIRECT_OBJC_ISA_USAGE = YES_ERROR;
				CLANG_WARN_DOCUMENTATION_COMMENTS = YES;
				CLANG_WARN_EMPTY_BODY = YES;
				CLANG_WARN_ENUM_CONVERSION = YES;
				CLANG_WARN_INFINITE_RECURSION = YES;
				CLANG_WARN_INT_CONVERSION = YES;
				CLANG_WARN_OBJC_ROOT_CLASS = YES_ERROR;
				CLANG_WARN_SUSPICIOUS_MOVE = YES;
				CLANG_WARN_UNREACHABLE_CODE = YES;
				CLANG_WARN__DUPLICATE_METHOD_MATCH = YES;
				CODE_SIGN_IDENTITY = "-";
				COPY_PHASE_STRIP = NO;
				DEBUG_INFORMATION_FORMAT = "dwarf-with-dsym";
				ENABLE_NS_ASSERTIONS = NO;
				ENABLE_STRICT_OBJC_MSGSEND = YES;
				GCC_C_LANGUAGE_STANDARD = gnu99;
				GCC_NO_COMMON_BLOCKS = YES;
				GCC_WARN_64_TO_32_BIT_CONVERSION = YES;
				GCC_WARN_ABOUT_RETURN_TYPE = YES_ERROR;
				GCC_WARN_UNDECLARED_SELECTOR = YES;
				GCC_WARN_UNINITIALIZED_AUTOS = YES_AGGRESSIVE;
				GCC_WARN_UNUSED_FUNCTION = YES;
				GCC_WARN_UNUSED_VARIABLE = YES;
				MACOSX_DEPLOYMENT_TARGET = 10.12;
				MTL_ENABLE_DEBUG_INFO = NO;
				SDKROOT = macosx;
			};
			name = Release;
		};
		209F1D841E80B85800FA2CFE /* Debug */ = {
			isa = XCBuildConfiguration;
			buildSettings = {
				DEVELOPMENT_TEAM = N5GUYQLDBX;
				PRODUCT_NAME = "$(TARGET_NAME)";
			};
			name = Debug;
		};
		209F1D851E80B85800FA2CFE /* Release */ = {
			isa = XCBuildConfiguration;
			buildSettings = {
				DEVELOPMENT_TEAM = N5GUYQLDBX;
				PRODUCT_NAME = "$(TARGET_NAME)";
			};
			name = Release;
		};
/* End XCBuildConfiguration section */

/* Begin XCConfigurationList section */
		209F1D771E80B85300FA2CFE /* Build configuration list for PBXProject "H264Project" */ = {
			isa = XCConfigurationList;
			buildConfigurations = (
				209F1D811E80B85800FA2CFE /* Debug */,
				209F1D821E80B85800FA2CFE /* Release */,
			);
			defaultConfigurationIsVisible = 0;
			defaultConfigurationName = Release;
		};
		209F1D831E80B85800FA2CFE /* Build configuration list for PBXNativeTarget "H264Project" */ = {
			isa = XCConfigurationList;
			buildConfigurations = (
				209F1D841E80B85800FA2CFE /* Debug */,
				209F1D851E80B85800FA2CFE /* Release */,
			);
			defaultConfigurationIsVisible = 0;
			defaultConfigurationName = Release;
		};
/* End XCConfigurationList section */
	};
	rootObject = 209F1D741E80B85300FA2CFE /* Project object */;
}
